
Microsoft Visual Studio Solution File, Format Version 12.00
# Visual Studio Version 17
VisualStudioVersion = 17.14.36401.2
MinimumVisualStudioVersion = 10.0.40219.1
Project("{FAE04EC0-301F-11D3-BF4B-00C04F79EFBC}") = "Agent_Login", "Agent_Login\Agent_Login.csproj", "{20024A3E-7C86-440C-B318-D97289F5F6C7}"
EndProject
Project("{FAE04EC0-301F-11D3-BF4B-00C04F79EFBC}") = "Login", "Login\Login.csproj", "{B7EC8B36-B309-417C-A9C9-46840BAD47E8}"
EndProject
Global
	GlobalSection(SolutionConfigurationPlatforms) = preSolution
		Debug|Any CPU = Debug|Any CPU
		Release|Any CPU = Release|Any CPU
	EndGlobalSection
	GlobalSection(ProjectConfigurationPlatforms) = postSolution
		{20024A3E-7C86-440C-B318-D97289F5F6C7}.Debug|Any CPU.ActiveCfg = Debug|Any CPU
		{20024A3E-7C86-440C-B318-D97289F5F6C7}.Debug|Any CPU.Build.0 = Debug|Any CPU
		{20024A3E-7C86-440C-B318-D97289F5F6C7}.Release|Any CPU.ActiveCfg = Release|Any CPU
		{20024A3E-7C86-440C-B318-D97289F5F6C7}.Release|Any CPU.Build.0 = Release|Any CPU
		{B7EC8B36-B309-417C-A9C9-46840BAD47E8}.Debug|Any CPU.ActiveCfg = Debug|Any CPU
		{B7EC8B36-B309-417C-A9C9-46840BAD47E8}.Debug|Any CPU.Build.0 = Debug|Any CPU
		{B7EC8B36-B309-417C-A9C9-46840BAD47E8}.Release|Any CPU.ActiveCfg = Release|Any CPU
		{B7EC8B36-B309-417C-A9C9-46840BAD47E8}.Release|Any CPU.Build.0 = Release|Any CPU
	EndGlobalSection
	GlobalSection(SolutionProperties) = preSolution
		HideSolutionNode = FALSE
	EndGlobalSection
	GlobalSection(ExtensibilityGlobals) = postSolution
		SolutionGuid = {76CB0009-F4D4-4AE7-9FA4-5DDFAE9FF211}
	EndGlobalSection
EndGlobal
